
Microsoft Visual Studio Solution File, Format Version 12.00
# Visual Studio Version 17
VisualStudioVersion = 17.1.32421.90
MinimumVisualStudioVersion = 10.0.40219.1
Project("{9A19103F-16F7-4668-BE54-9A1E7A4F7556}") = "WebApiXnes", "WebApiXnes\WebApiXnes.csproj", "{F94500B7-7D86-4533-8B30-A88C3110CB62}"
EndProject
Project("{FAE04EC0-301F-11D3-BF4B-00C04F79EFBC}") = "Entities", "Entities\Entities.csproj", "{DF684DEB-CEC7-4581-8141-613CB265B7E7}"
EndProject
Project("{FAE04EC0-301F-11D3-BF4B-00C04F79EFBC}") = "SqlData", "SqlData\SqlData.csproj", "{265C6861-1303-4D1E-BEB8-92F6C5AB0665}"
EndProject
Project("{FAE04EC0-301F-11D3-BF4B-00C04F79EFBC}") = "Dal", "Dal\Dal.csproj", "{2EC89DD9-D824-4A8B-A174-B1A4429036EB}"
EndProject
Project("{FAE04EC0-301F-11D3-BF4B-00C04F79EFBC}") = "Model", "Model\Model.csproj", "{BCD8368C-B579-4EBE-A966-EF8B5202C596}"
EndProject
Global
	GlobalSection(SolutionConfigurationPlatforms) = preSolution
		Debug|Any CPU = Debug|Any CPU
		Release|Any CPU = Release|Any CPU
	EndGlobalSection
	GlobalSection(ProjectConfigurationPlatforms) = postSolution
		{F94500B7-7D86-4533-8B30-A88C3110CB62}.Debug|Any CPU.ActiveCfg = Debug|Any CPU
		{F94500B7-7D86-4533-8B30-A88C3110CB62}.Debug|Any CPU.Build.0 = Debug|Any CPU
		{F94500B7-7D86-4533-8B30-A88C3110CB62}.Release|Any CPU.ActiveCfg = Release|Any CPU
		{F94500B7-7D86-4533-8B30-A88C3110CB62}.Release|Any CPU.Build.0 = Release|Any CPU
		{DF684DEB-CEC7-4581-8141-613CB265B7E7}.Debug|Any CPU.ActiveCfg = Debug|Any CPU
		{DF684DEB-CEC7-4581-8141-613CB265B7E7}.Debug|Any CPU.Build.0 = Debug|Any CPU
		{DF684DEB-CEC7-4581-8141-613CB265B7E7}.Release|Any CPU.ActiveCfg = Release|Any CPU
		{DF684DEB-CEC7-4581-8141-613CB265B7E7}.Release|Any CPU.Build.0 = Release|Any CPU
		{265C6861-1303-4D1E-BEB8-92F6C5AB0665}.Debug|Any CPU.ActiveCfg = Debug|Any CPU
		{265C6861-1303-4D1E-BEB8-92F6C5AB0665}.Debug|Any CPU.Build.0 = Debug|Any CPU
		{265C6861-1303-4D1E-BEB8-92F6C5AB0665}.Release|Any CPU.ActiveCfg = Release|Any CPU
		{265C6861-1303-4D1E-BEB8-92F6C5AB0665}.Release|Any CPU.Build.0 = Release|Any CPU
		{2EC89DD9-D824-4A8B-A174-B1A4429036EB}.Debug|Any CPU.ActiveCfg = Debug|Any CPU
		{2EC89DD9-D824-4A8B-A174-B1A4429036EB}.Debug|Any CPU.Build.0 = Debug|Any CPU
		{2EC89DD9-D824-4A8B-A174-B1A4429036EB}.Release|Any CPU.ActiveCfg = Release|Any CPU
		{2EC89DD9-D824-4A8B-A174-B1A4429036EB}.Release|Any CPU.Build.0 = Release|Any CPU
		{BCD8368C-B579-4EBE-A966-EF8B5202C596}.Debug|Any CPU.ActiveCfg = Debug|Any CPU
		{BCD8368C-B579-4EBE-A966-EF8B5202C596}.Debug|Any CPU.Build.0 = Debug|Any CPU
		{BCD8368C-B579-4EBE-A966-EF8B5202C596}.Release|Any CPU.ActiveCfg = Release|Any CPU
		{BCD8368C-B579-4EBE-A966-EF8B5202C596}.Release|Any CPU.Build.0 = Release|Any CPU
	EndGlobalSection
	GlobalSection(SolutionProperties) = preSolution
		HideSolutionNode = FALSE
	EndGlobalSection
	GlobalSection(ExtensibilityGlobals) = postSolution
		SolutionGuid = {8EEF0CB2-46F5-47FC-882E-4B75DEA3D67E}
	EndGlobalSection
EndGlobal
